dependencies:
  espressif/cmake_utilities:
    component_hash: 05165f30922b422b4b90c08845e6d449329b97370fbd06309803d8cb539d79e3
    source:
      service_url: https://api.components.espressif.com/
      type: service
    version: 1.1.1
  espressif/tinyusb:
    component_hash: a40b7f67df6ac254a4afd96c6401cc56f2059ae747d6d7e66b568bca53ad0edc
    source:
      service_url: https://api.components.espressif.com/
      type: service
    version: 0.19.0~3
  idf:
    component_hash: null
    source:
      type: idf
    version: 5.4.1
manifest_hash: 17af86f4662ed2ff04a6f93d40e21536afe578fc09497748edec2744a32bf42c
target: esp32s3
version: 1.0.0
